
Microsoft Visual Studio Solution File, Format Version 12.00
# Visual Studio Version 16
VisualStudioVersion = 16.0.30907.101
MinimumVisualStudioVersion = 10.0.40219.1
Project("{FAE04EC0-301F-11D3-BF4B-00C04F79EFBC}") = "Commander", "Commander\Commander.csproj", "{12B37111-E969-4E57-A1F2-01541F320536}"
EndProject
Global
	GlobalSection(SolutionConfigurationPlatforms) = preSolution
		Debug|Any CPU = Debug|Any CPU
		Release|Any CPU = Release|Any CPU
	EndGlobalSection
	GlobalSection(ProjectConfigurationPlatforms) = postSolution
		{12B37111-E969-4E57-A1F2-01541F320536}.Debug|Any CPU.ActiveCfg = Debug|Any CPU
		{12B37111-E969-4E57-A1F2-01541F320536}.Debug|Any CPU.Build.0 = Debug|Any CPU
		{12B37111-E969-4E57-A1F2-01541F320536}.Release|Any CPU.ActiveCfg = Release|Any CPU
		{12B37111-E969-4E57-A1F2-01541F320536}.Release|Any CPU.Build.0 = Release|Any CPU
	EndGlobalSection
	GlobalSection(SolutionProperties) = preSolution
		HideSolutionNode = FALSE
	EndGlobalSection
	GlobalSection(ExtensibilityGlobals) = postSolution
		SolutionGuid = {4660C132-BEEB-4DA1-9FFF-4FE7454E93D7}
	EndGlobalSection
EndGlobal
